
Microsoft Visual Studio Solution File, Format Version 12.00
# Visual Studio 15
VisualStudioVersion = 15.0.27428.2027
MinimumVisualStudioVersion = 10.0.40219.1
Project("{8BC9CEB8-8B4A-11D0-8D11-00A0C91BC942}") = "PanoramaPass", "PanoramaPass\PanoramaPass.vcxproj", "{089B5FFE-EC0C-450F-BE3D-9E3BDBCFA8E9}"
EndProject
Global
	GlobalSection(SolutionConfigurationPlatforms) = preSolution
		Debug|x64 = Debug|x64
		Debug|x86 = Debug|x86
		Release|x64 = Release|x64
		Release|x86 = Release|x86
	EndGlobalSection
	GlobalSection(ProjectConfigurationPlatforms) = postSolution
		{089B5FFE-EC0C-450F-BE3D-9E3BDBCFA8E9}.Debug|x64.ActiveCfg = Debug|x64
		{089B5FFE-EC0C-450F-BE3D-9E3BDBCFA8E9}.Debug|x64.Build.0 = Debug|x64
		{089B5FFE-EC0C-450F-BE3D-9E3BDBCFA8E9}.Debug|x86.ActiveCfg = Debug|Win32
		{089B5FFE-EC0C-450F-BE3D-9E3BDBCFA8E9}.Debug|x86.Build.0 = Debug|Win32
		{089B5FFE-EC0C-450F-BE3D-9E3BDBCFA8E9}.Release|x64.ActiveCfg = Release|x64
		{089B5FFE-EC0C-450F-BE3D-9E3BDBCFA8E9}.Release|x64.Build.0 = Release|x64
		{089B5FFE-EC0C-450F-BE3D-9E3BDBCFA8E9}.Release|x86.ActiveCfg = Release|Win32
		{089B5FFE-EC0C-450F-BE3D-9E3BDBCFA8E9}.Release|x86.Build.0 = Release|Win32
	EndGlobalSection
	GlobalSection(SolutionProperties) = preSolution
		HideSolutionNode = FALSE
	EndGlobalSection
	GlobalSection(ExtensibilityGlobals) = postSolution
		SolutionGuid = {AD9B8849-76BE-4D1D-BB84-24FC56E3AFB5}
	EndGlobalSection
EndGlobal
